
Microsoft Visual Studio Solution File, Format Version 12.00
# Visual Studio 15
VisualStudioVersion = 15.0.27004.2005
MinimumVisualStudioVersion = 10.0.40219.1
Project("{9A19103F-16F7-4668-BE54-9A1E7A4F7556}") = "ApiContractGenerator", "src\ApiContractGenerator\ApiContractGenerator.csproj", "{3FD9F355-D9F2-4286-AD9B-DFD48152E265}"
EndProject
Project("{9A19103F-16F7-4668-BE54-9A1E7A4F7556}") = "ApiContractGenerator.Console", "src\ApiContractGenerator.Console\ApiContractGenerator.Console.csproj", "{DCF80689-92DB-478F-AAF7-338A5FB42311}"
EndProject
Project("{9A19103F-16F7-4668-BE54-9A1E7A4F7556}") = "ApiContractGenerator.Tests", "src\ApiContractGenerator.Tests\ApiContractGenerator.Tests.csproj", "{BFBB489E-8997-4519-81D8-8BA6DEFEB877}"
EndProject
Project("{9A19103F-16F7-4668-BE54-9A1E7A4F7556}") = "ApiContractGenerator.MSBuild", "src\ApiContractGenerator.MSBuild\ApiContractGenerator.MSBuild.csproj", "{8789DEA9-90DA-4566-8DDC-95ABB76CEA8A}"
EndProject
Project("{2150E333-8FDC-42A3-9474-1A3956D46DE8}") = "Solution Items", "Solution Items", "{336BDCFD-DA91-4C7D-B59C-D932BC0C2745}"
	ProjectSection(SolutionItems) = preProject
		src\Common.props = src\Common.props
	EndProjectSection
EndProject
Global
	GlobalSection(SolutionConfigurationPlatforms) = preSolution
		Debug|Any CPU = Debug|Any CPU
		Release|Any CPU = Release|Any CPU
	EndGlobalSection
	GlobalSection(ProjectConfigurationPlatforms) = postSolution
		{3FD9F355-D9F2-4286-AD9B-DFD48152E265}.Debug|Any CPU.ActiveCfg = Debug|Any CPU
		{3FD9F355-D9F2-4286-AD9B-DFD48152E265}.Debug|Any CPU.Build.0 = Debug|Any CPU
		{3FD9F355-D9F2-4286-AD9B-DFD48152E265}.Release|Any CPU.ActiveCfg = Release|Any CPU
		{3FD9F355-D9F2-4286-AD9B-DFD48152E265}.Release|Any CPU.Build.0 = Release|Any CPU
		{DCF80689-92DB-478F-AAF7-338A5FB42311}.Debug|Any CPU.ActiveCfg = Debug|Any CPU
		{DCF80689-92DB-478F-AAF7-338A5FB42311}.Debug|Any CPU.Build.0 = Debug|Any CPU
		{DCF80689-92DB-478F-AAF7-338A5FB42311}.Release|Any CPU.ActiveCfg = Release|Any CPU
		{DCF80689-92DB-478F-AAF7-338A5FB42311}.Release|Any CPU.Build.0 = Release|Any CPU
		{BFBB489E-8997-4519-81D8-8BA6DEFEB877}.Debug|Any CPU.ActiveCfg = Debug|Any CPU
		{BFBB489E-8997-4519-81D8-8BA6DEFEB877}.Debug|Any CPU.Build.0 = Debug|Any CPU
		{BFBB489E-8997-4519-81D8-8BA6DEFEB877}.Release|Any CPU.ActiveCfg = Release|Any CPU
		{BFBB489E-8997-4519-81D8-8BA6DEFEB877}.Release|Any CPU.Build.0 = Release|Any CPU
		{8789DEA9-90DA-4566-8DDC-95ABB76CEA8A}.Debug|Any CPU.ActiveCfg = Debug|Any CPU
		{8789DEA9-90DA-4566-8DDC-95ABB76CEA8A}.Debug|Any CPU.Build.0 = Debug|Any CPU
		{8789DEA9-90DA-4566-8DDC-95ABB76CEA8A}.Release|Any CPU.ActiveCfg = Release|Any CPU
		{8789DEA9-90DA-4566-8DDC-95ABB76CEA8A}.Release|Any CPU.Build.0 = Release|Any CPU
	EndGlobalSection
	GlobalSection(SolutionProperties) = preSolution
		HideSolutionNode = FALSE
	EndGlobalSection
	GlobalSection(ExtensibilityGlobals) = postSolution
		SolutionGuid = {9D07D27D-8AA5-4BBB-BB58-FA6125BA24C5}
	EndGlobalSection
EndGlobal
